
Microsoft Visual Studio Solution File, Format Version 12.00
# Visual Studio Version 17
VisualStudioVersion = 17.0.32014.148
MinimumVisualStudioVersion = 10.0.40219.1
Project("{FAE04EC0-301F-11D3-BF4B-00C04F79EFBC}") = "Selection-Sort-V2", "Selection-Sort-V2\Selection-Sort-V2.csproj", "{A6B04C2E-A4B9-42AC-B402-0C864ED7D5C4}"
EndProject
Global
	GlobalSection(SolutionConfigurationPlatforms) = preSolution
		Debug|Any CPU = Debug|Any CPU
		Release|Any CPU = Release|Any CPU
	EndGlobalSection
	GlobalSection(ProjectConfigurationPlatforms) = postSolution
		{A6B04C2E-A4B9-42AC-B402-0C864ED7D5C4}.Debug|Any CPU.ActiveCfg = Debug|Any CPU
		{A6B04C2E-A4B9-42AC-B402-0C864ED7D5C4}.Debug|Any CPU.Build.0 = Debug|Any CPU
		{A6B04C2E-A4B9-42AC-B402-0C864ED7D5C4}.Release|Any CPU.ActiveCfg = Release|Any CPU
		{A6B04C2E-A4B9-42AC-B402-0C864ED7D5C4}.Release|Any CPU.Build.0 = Release|Any CPU
	EndGlobalSection
	GlobalSection(SolutionProperties) = preSolution
		HideSolutionNode = FALSE
	EndGlobalSection
	GlobalSection(ExtensibilityGlobals) = postSolution
		SolutionGuid = {4011D619-B918-413F-A12B-6B359EEF1329}
	EndGlobalSection
EndGlobal
